// !$*UTF8*$!
{
	archiveVersion = 1;
	classes = {
	};
	objectVersion = 46;
	objects = {

/* Begin PBXBuildFile section */
		8BF8E32D147A09DC006EE752 /* jobs.cpp in Sources */ = {isa = PBXBuildFile; fileRef = B880B3F71477151D004E49A8 /* jobs.cpp */; };
		B880B3E614770C26004E49A8 /* main.cpp in Sources */ = {isa = PBXBuildFile; fileRef = B880B3E514770C26004E49A8 /* main.cpp */; };
		B880B3F6147714A2004E49A8 /* pipe.cpp in Sources */ = {isa = PBXBuildFile; fileRef = B880B3F5147714A2004E49A8 /* pipe.cpp */; };
		B886CC99147B8DE300BC94A4 /* scheduler.cpp in Sources */ = {isa = PBXBuildFile; fileRef = B886CC97147B8DE300BC94A4 /* scheduler.cpp */; };
		B8B9C35414773D05002C04B2 /* history.cpp in Sources */ = {isa = PBXBuildFile; fileRef = B8B9C35314773D05002C04B2 /* history.cpp */; };
/* End PBXBuildFile section */

/* Begin PBXCopyFilesBuildPhase section */
		B880B3DF14770C26004E49A8 /* CopyFiles */ = {
			isa = PBXCopyFilesBuildPhase;
			buildActionMask = 2147483647;
			dstPath = /usr/share/man/man1/;
			dstSubfolderSpec = 0;
			files = (
			);
			runOnlyForDeploymentPostprocessing = 1;
		};
/* End PBXCopyFilesBuildPhase section */

/* Begin PBXFileReference section */
		B880B3E114770C26004E49A8 /* sh142 */ = {isa = PBXFileReference; explicitFileType = "compiled.mach-o.executable"; includeInIndex = 0; path = sh142; sourceTree = BUILT_PRODUCTS_DIR; };
		B880B3E514770C26004E49A8 /* main.cpp */ = {isa = PBXFileReference; lastKnownFileType = sourcecode.cpp.cpp; path = main.cpp; sourceTree = "<group>"; };
		B880B3EE14770C83004E49A8 /* definitions.h */ = {isa = PBXFileReference; fileEncoding = 4; lastKnownFileType = sourcecode.c.h; path = definitions.h; sourceTree = "<group>"; };
		B880B3F014770C83004E49A8 /* jobs.h */ = {isa = PBXFileReference; fileEncoding = 4; lastKnownFileType = sourcecode.c.h; path = jobs.h; sourceTree = "<group>"; };
		B880B3F214770C83004E49A8 /* pipe.h */ = {isa = PBXFileReference; fileEncoding = 4; lastKnownFileType = sourcecode.c.h; path = pipe.h; sourceTree = "<group>"; };
		B880B3F5147714A2004E49A8 /* pipe.cpp */ = {isa = PBXFileReference; fileEncoding = 4; lastKnownFileType = sourcecode.cpp.cpp; path = pipe.cpp; sourceTree = "<group>"; };
		B880B3F71477151D004E49A8 /* jobs.cpp */ = {isa = PBXFileReference; fileEncoding = 4; lastKnownFileType = sourcecode.cpp.cpp; path = jobs.cpp; sourceTree = "<group>"; };
		B886CC97147B8DE300BC94A4 /* scheduler.cpp */ = {isa = PBXFileReference; fileEncoding = 4; lastKnownFileType = sourcecode.cpp.cpp; path = scheduler.cpp; sourceTree = "<group>"; };
		B886CC98147B8DE300BC94A4 /* scheduler.h */ = {isa = PBXFileReference; fileEncoding = 4; lastKnownFileType = sourcecode.c.h; path = scheduler.h; sourceTree = "<group>"; };
		B8B9C35314773D05002C04B2 /* history.cpp */ = {isa = PBXFileReference; fileEncoding = 4; lastKnownFileType = sourcecode.cpp.cpp; path = history.cpp; sourceTree = "<group>"; };
		B8B9C35614773D1D002C04B2 /* history.h */ = {isa = PBXFileReference; fileEncoding = 4; lastKnownFileType = sourcecode.c.h; path = history.h; sourceTree = "<group>"; };
		F42C2FA21478AEDD0011A6CF /* Tests.sh */ = {isa = PBXFileReference; fileEncoding = 4; lastKnownFileType = text.script.sh; path = Tests.sh; sourceTree = "<group>"; };
		F49E61F81479F8A400FAAEAF /* main.h */ = {isa = PBXFileReference; fileEncoding = 4; lastKnownFileType = sourcecode.c.h; path = main.h; sourceTree = "<group>"; };
		F49E61FE1479FCD900FAAEAF /* utarray.h */ = {isa = PBXFileReference; fileEncoding = 4; lastKnownFileType = sourcecode.c.h; path = utarray.h; sourceTree = "<group>"; };
		F49E61FF1479FCD900FAAEAF /* uthash.h */ = {isa = PBXFileReference; fileEncoding = 4; lastKnownFileType = sourcecode.c.h; path = uthash.h; sourceTree = "<group>"; };
		F49E62001479FCD900FAAEAF /* utlist.h */ = {isa = PBXFileReference; fileEncoding = 4; lastKnownFileType = sourcecode.c.h; path = utlist.h; sourceTree = "<group>"; };
		F49E62011479FCD900FAAEAF /* utstring.h */ = {isa = PBXFileReference; fileEncoding = 4; lastKnownFileType = sourcecode.c.h; path = utstring.h; sourceTree = "<group>"; };
/* End PBXFileReference section */

/* Begin PBXFrameworksBuildPhase section */
		B880B3DE14770C26004E49A8 /* Frameworks */ = {
			isa = PBXFrameworksBuildPhase;
			buildActionMask = 2147483647;
			files = (
			);
			runOnlyForDeploymentPostprocessing = 0;
		};
/* End PBXFrameworksBuildPhase section */

/* Begin PBXGroup section */
		B880B3D614770C26004E49A8 = {
			isa = PBXGroup;
			children = (
				B880B3E414770C26004E49A8 /* sh142 */,
				B880B3E214770C26004E49A8 /* Products */,
			);
			sourceTree = "<group>";
		};
		B880B3E214770C26004E49A8 /* Products */ = {
			isa = PBXGroup;
			children = (
				B880B3E114770C26004E49A8 /* sh142 */,
			);
			name = Products;
			sourceTree = "<group>";
		};
		B880B3E414770C26004E49A8 /* sh142 */ = {
			isa = PBXGroup;
			children = (
				F49E6206147A042800FAAEAF /* hash */,
				B880B3EE14770C83004E49A8 /* definitions.h */,
				F49E61F81479F8A400FAAEAF /* main.h */,
				B880B3E514770C26004E49A8 /* main.cpp */,
				B886CC98147B8DE300BC94A4 /* scheduler.h */,
				B886CC97147B8DE300BC94A4 /* scheduler.cpp */,
				B8B9C35614773D1D002C04B2 /* history.h */,
				B8B9C35314773D05002C04B2 /* history.cpp */,
				B880B3F214770C83004E49A8 /* pipe.h */,
				B880B3F5147714A2004E49A8 /* pipe.cpp */,
				B880B3F014770C83004E49A8 /* jobs.h */,
				B880B3F71477151D004E49A8 /* jobs.cpp */,
				F42C2FA21478AEDD0011A6CF /* Tests.sh */,
			);
			path = sh142;
			sourceTree = "<group>";
		};
		F49E6206147A042800FAAEAF /* hash */ = {
			isa = PBXGroup;
			children = (
				F49E61FE1479FCD900FAAEAF /* utarray.h */,
				F49E61FF1479FCD900FAAEAF /* uthash.h */,
				F49E62001479FCD900FAAEAF /* utlist.h */,
				F49E62011479FCD900FAAEAF /* utstring.h */,
			);
			name = hash;
			sourceTree = "<group>";
		};
/* End PBXGroup section */

/* Begin PBXNativeTarget section */
		B880B3E014770C26004E49A8 /* sh142 */ = {
			isa = PBXNativeTarget;
			buildConfigurationList = B880B3EB14770C26004E49A8 /* Build configuration list for PBXNativeTarget "sh142" */;
			buildPhases = (
				B880B3DD14770C26004E49A8 /* Sources */,
				B880B3DE14770C26004E49A8 /* Frameworks */,
				B880B3DF14770C26004E49A8 /* CopyFiles */,
			);
			buildRules = (
			);
			dependencies = (
			);
			name = sh142;
			productName = sh142;
			productReference = B880B3E114770C26004E49A8 /* sh142 */;
			productType = "com.apple.product-type.tool";
		};
/* End PBXNativeTarget section */

/* Begin PBXProject section */
		B880B3D814770C26004E49A8 /* Project object */ = {
			isa = PBXProject;
			attributes = {
				LastUpgradeCheck = 0420;
			};
			buildConfigurationList = B880B3DB14770C26004E49A8 /* Build configuration list for PBXProject "sh142" */;
			compatibilityVersion = "Xcode 3.2";
			developmentRegion = English;
			hasScannedForEncodings = 0;
			knownRegions = (
				en,
			);
			mainGroup = B880B3D614770C26004E49A8;
			productRefGroup = B880B3E214770C26004E49A8 /* Products */;
			projectDirPath = "";
			projectRoot = "";
			targets = (
				B880B3E014770C26004E49A8 /* sh142 */,
			);
		};
/* End PBXProject section */

/* Begin PBXSourcesBuildPhase section */
		B880B3DD14770C26004E49A8 /* Sources */ = {
			isa = PBXSourcesBuildPhase;
			buildActionMask = 2147483647;
			files = (
				B880B3E614770C26004E49A8 /* main.cpp in Sources */,
				B880B3F6147714A2004E49A8 /* pipe.cpp in Sources */,
				B8B9C35414773D05002C04B2 /* history.cpp in Sources */,
				8BF8E32D147A09DC006EE752 /* jobs.cpp in Sources */,
				B886CC99147B8DE300BC94A4 /* scheduler.cpp in Sources */,
			);
			runOnlyForDeploymentPostprocessing = 0;
		};
/* End PBXSourcesBuildPhase section */

/* Begin XCBuildConfiguration section */
		B880B3E914770C26004E49A8 /* Debug */ = {
			isa = XCBuildConfiguration;
			buildSettings = {
				ALWAYS_SEARCH_USER_PATHS = NO;
				ARCHS = "$(ARCHS_STANDARD_64_BIT)";
				CLANG_ENABLE_OBJC_ARC = YES;
				COPY_PHASE_STRIP = NO;
				GCC_C_LANGUAGE_STANDARD = gnu99;
				GCC_DYNAMIC_NO_PIC = NO;
				GCC_ENABLE_OBJC_EXCEPTIONS = YES;
				GCC_OPTIMIZATION_LEVEL = 0;
				GCC_PREPROCESSOR_DEFINITIONS = (
					"DEBUG=1",
					"$(inherited)",
				);
				GCC_SYMBOLS_PRIVATE_EXTERN = NO;
				GCC_VERSION = com.apple.compilers.llvm.clang.1_0;
				GCC_WARN_64_TO_32_BIT_CONVERSION = YES;
				GCC_WARN_ABOUT_MISSING_PROTOTYPES = YES;
				GCC_WARN_ABOUT_RETURN_TYPE = YES;
				GCC_WARN_UNUSED_VARIABLE = YES;
				MACOSX_DEPLOYMENT_TARGET = 10.7;
				ONLY_ACTIVE_ARCH = YES;
				SDKROOT = macosx;
			};
			name = Debug;
		};
		B880B3EA14770C26004E49A8 /* Release */ = {
			isa = XCBuildConfiguration;
			buildSettings = {
				ALWAYS_SEARCH_USER_PATHS = NO;
				ARCHS = "$(ARCHS_STANDARD_64_BIT)";
				CLANG_ENABLE_OBJC_ARC = YES;
				COPY_PHASE_STRIP = YES;
				DEBUG_INFORMATION_FORMAT = "dwarf-with-dsym";
				GCC_C_LANGUAGE_STANDARD = gnu99;
				GCC_ENABLE_OBJC_EXCEPTIONS = YES;
				GCC_VERSION = com.apple.compilers.llvm.clang.1_0;
				GCC_WARN_64_TO_32_BIT_CONVERSION = YES;
				GCC_WARN_ABOUT_MISSING_PROTOTYPES = YES;
				GCC_WARN_ABOUT_RETURN_TYPE = YES;
				GCC_WARN_UNUSED_VARIABLE = YES;
				MACOSX_DEPLOYMENT_TARGET = 10.7;
				SDKROOT = macosx;
			};
			name = Release;
		};
		B880B3EC14770C26004E49A8 /* Debug */ = {
			isa = XCBuildConfiguration;
			buildSettings = {
				GCC_VERSION = com.apple.compilers.llvmgcc42;
				PRODUCT_NAME = "$(TARGET_NAME)";
			};
			name = Debug;
		};
		B880B3ED14770C26004E49A8 /* Release */ = {
			isa = XCBuildConfiguration;
			buildSettings = {
				GCC_VERSION = com.apple.compilers.llvmgcc42;
				PRODUCT_NAME = "$(TARGET_NAME)";
			};
			name = Release;
		};
/* End XCBuildConfiguration section */

/* Begin XCConfigurationList section */
		B880B3DB14770C26004E49A8 /* Build configuration list for PBXProject "sh142" */ = {
			isa = XCConfigurationList;
			buildConfigurations = (
				B880B3E914770C26004E49A8 /* Debug */,
				B880B3EA14770C26004E49A8 /* Release */,
			);
			defaultConfigurationIsVisible = 0;
			defaultConfigurationName = Release;
		};
		B880B3EB14770C26004E49A8 /* Build configuration list for PBXNativeTarget "sh142" */ = {
			isa = XCConfigurationList;
			buildConfigurations = (
				B880B3EC14770C26004E49A8 /* Debug */,
				B880B3ED14770C26004E49A8 /* Release */,
			);
			defaultConfigurationIsVisible = 0;
			defaultConfigurationName = Release;
		};
/* End XCConfigurationList section */
	};
	rootObject = B880B3D814770C26004E49A8 /* Project object */;
}
